
Microsoft Visual Studio Solution File, Format Version 12.00
# Visual Studio Version 16
VisualStudioVersion = 16.0.30711.63
MinimumVisualStudioVersion = 10.0.40219.1
Project("{FAE04EC0-301F-11D3-BF4B-00C04F79EFBC}") = "WSNetFramework", "WSNetFramework\WSNetFramework.csproj", "{86664B68-8A20-4A7A-A76D-56522C41E777}"
EndProject
Global
	GlobalSection(SolutionConfigurationPlatforms) = preSolution
		Debug|Any CPU = Debug|Any CPU
		Release|Any CPU = Release|Any CPU
	EndGlobalSection
	GlobalSection(ProjectConfigurationPlatforms) = postSolution
		{86664B68-8A20-4A7A-A76D-56522C41E777}.Debug|Any CPU.ActiveCfg = Debug|Any CPU
		{86664B68-8A20-4A7A-A76D-56522C41E777}.Debug|Any CPU.Build.0 = Debug|Any CPU
		{86664B68-8A20-4A7A-A76D-56522C41E777}.Release|Any CPU.ActiveCfg = Release|Any CPU
		{86664B68-8A20-4A7A-A76D-56522C41E777}.Release|Any CPU.Build.0 = Release|Any CPU
	EndGlobalSection
	GlobalSection(SolutionProperties) = preSolution
		HideSolutionNode = FALSE
	EndGlobalSection
	GlobalSection(ExtensibilityGlobals) = postSolution
		SolutionGuid = {3B5B5C21-C4AB-4560-8BB8-F4040E915E0A}
	EndGlobalSection
EndGlobal
